{
  "name": "foxpro-mcp",
  "version": "0.1.0",
  "lockfileVersion": 3,
  "requires": true,
  "packages": {
    "": {
      "name": "foxpro-mcp",
      "version": "0.1.0",
      "hasInstallScript": true,
      "license": "MIT",
      "bin": {
        "foxpro-mcp": "bin/foxpro-mcp.js"
      },
      "engines": {
        "node": ">=18"
      }
    }
  }
}
